// !$*UTF8*$!
{
	archiveVersion = 1;
	classes = {
	};
	objectVersion = 77;
	objects = {

/* Begin PBXBuildFile section */
		ECA154752D9B6DD400B88136 /* LLM in Frameworks */ = {isa = PBXBuildFile; productRef = ECA154742D9B6DD400B88136 /* LLM */; };
/* End PBXBuildFile section */

/* Begin PBXContainerItemProxy section */
		ECA154422D97A09B00B88136 /* PBXContainerItemProxy */ = {
			isa = PBXContainerItemProxy;
			containerPortal = ECA154292D97A09A00B88136 /* Project object */;
			proxyType = 1;
			remoteGlobalIDString = ECA154302D97A09A00B88136;
			remoteInfo = CETranslator;
		};
		ECA1544C2D97A09B00B88136 /* PBXContainerItemProxy */ = {
			isa = PBXContainerItemProxy;
			containerPortal = ECA154292D97A09A00B88136 /* Project object */;
			proxyType = 1;
			remoteGlobalIDString = ECA154302D97A09A00B88136;
			remoteInfo = CETranslator;
		};
/* End PBXContainerItemProxy section */

/* Begin PBXFileReference section */
		ECA154312D97A09A00B88136 /* CETranslator.app */ = {isa = PBXFileReference; explicitFileType = wrapper.application; includeInIndex = 0; path = CETranslator.app; sourceTree = BUILT_PRODUCTS_DIR; };
		ECA154412D97A09B00B88136 /* CETranslatorTests.xctest */ = {isa = PBXFileReference; explicitFileType = wrapper.cfbundle; includeInIndex = 0; path = CETranslatorTests.xctest; sourceTree = BUILT_PRODUCTS_DIR; };
		ECA1544B2D97A09B00B88136 /* CETranslatorUITests.xctest */ = {isa = PBXFileReference; explicitFileType = wrapper.cfbundle; includeInIndex = 0; path = CETranslatorUITests.xctest; sourceTree = BUILT_PRODUCTS_DIR; };
/* End PBXFileReference section */

/* Begin PBXFileSystemSynchronizedRootGroup section */
		ECA154332D97A09A00B88136 /* CETranslator */ = {
			isa = PBXFileSystemSynchronizedRootGroup;
			path = CETranslator;
			sourceTree = "<group>";
		};
		ECA154442D97A09B00B88136 /* CETranslatorTests */ = {
			isa = PBXFileSystemSynchronizedRootGroup;
			path = CETranslatorTests;
			sourceTree = "<group>";
		};
		ECA1544E2D97A09B00B88136 /* CETranslatorUITests */ = {
			isa = PBXFileSystemSynchronizedRootGroup;
			path = CETranslatorUITests;
			sourceTree = "<group>";
		};
/* End PBXFileSystemSynchronizedRootGroup section */

/* Begin PBXFrameworksBuildPhase section */
		ECA1542E2D97A09A00B88136 /* Frameworks */ = {
			isa = PBXFrameworksBuildPhase;
			buildActionMask = 2147483647;
			files = (
				ECA154752D9B6DD400B88136 /* LLM in Frameworks */,
			);
			runOnlyForDeploymentPostprocessing = 0;
		};
		ECA1543E2D97A09B00B88136 /* Frameworks */ = {
			isa = PBXFrameworksBuildPhase;
			buildActionMask = 2147483647;
			files = (
			);
			runOnlyForDeploymentPostprocessing = 0;
		};
		ECA154482D97A09B00B88136 /* Frameworks */ = {
			isa = PBXFrameworksBuildPhase;
			buildActionMask = 2147483647;
			files = (
			);
			runOnlyForDeploymentPostprocessing = 0;
		};
/* End PBXFrameworksBuildPhase section */

/* Begin PBXGroup section */
		ECA154282D97A09A00B88136 = {
			isa = PBXGroup;
			children = (
				ECA154332D97A09A00B88136 /* CETranslator */,
				ECA154442D97A09B00B88136 /* CETranslatorTests */,
				ECA1544E2D97A09B00B88136 /* CETranslatorUITests */,
				ECA154732D9B6DD400B88136 /* Frameworks */,
				ECA154322D97A09A00B88136 /* Products */,
			);
			sourceTree = "<group>";
		};
		ECA154322D97A09A00B88136 /* Products */ = {
			isa = PBXGroup;
			children = (
				ECA154312D97A09A00B88136 /* CETranslator.app */,
				ECA154412D97A09B00B88136 /* CETranslatorTests.xctest */,
				ECA1544B2D97A09B00B88136 /* CETranslatorUITests.xctest */,
			);
			name = Products;
			sourceTree = "<group>";
		};
		ECA154732D9B6DD400B88136 /* Frameworks */ = {
			isa = PBXGroup;
			children = (
			);
			name = Frameworks;
			sourceTree = "<group>";
		};
/* End PBXGroup section */

/* Begin PBXNativeTarget section */
		ECA154302D97A09A00B88136 /* CETranslator */ = {
			isa = PBXNativeTarget;
			buildConfigurationList = ECA154552D97A09B00B88136 /* Build configuration list for PBXNativeTarget "CETranslator" */;
			buildPhases = (
				ECA1542D2D97A09A00B88136 /* Sources */,
				ECA1542E2D97A09A00B88136 /* Frameworks */,
				ECA1542F2D97A09A00B88136 /* Resources */,
			);
			buildRules = (
			);
			dependencies = (
			);
			fileSystemSynchronizedGroups = (
				ECA154332D97A09A00B88136 /* CETranslator */,
			);
			name = CETranslator;
			packageProductDependencies = (
				ECA154742D9B6DD400B88136 /* LLM */,
			);
			productName = CETranslator;
			productReference = ECA154312D97A09A00B88136 /* CETranslator.app */;
			productType = "com.apple.product-type.application";
		};
		ECA154402D97A09B00B88136 /* CETranslatorTests */ = {
			isa = PBXNativeTarget;
			buildConfigurationList = ECA154582D97A09B00B88136 /* Build configuration list for PBXNativeTarget "CETranslatorTests" */;
			buildPhases = (
				ECA1543D2D97A09B00B88136 /* Sources */,
				ECA1543E2D97A09B00B88136 /* Frameworks */,
				ECA1543F2D97A09B00B88136 /* Resources */,
			);
			buildRules = (
			);
			dependencies = (
				ECA154432D97A09B00B88136 /* PBXTargetDependency */,
			);
			fileSystemSynchronizedGroups = (
				ECA154442D97A09B00B88136 /* CETranslatorTests */,
			);
			name = CETranslatorTests;
			packageProductDependencies = (
			);
			productName = CETranslatorTests;
			productReference = ECA154412D97A09B00B88136 /* CETranslatorTests.xctest */;
			productType = "com.apple.product-type.bundle.unit-test";
		};
		ECA1544A2D97A09B00B88136 /* CETranslatorUITests */ = {
			isa = PBXNativeTarget;
			buildConfigurationList = ECA1545B2D97A09B00B88136 /* Build configuration list for PBXNativeTarget "CETranslatorUITests" */;
			buildPhases = (
				ECA154472D97A09B00B88136 /* Sources */,
				ECA154482D97A09B00B88136 /* Frameworks */,
				ECA154492D97A09B00B88136 /* Resources */,
			);
			buildRules = (
			);
			dependencies = (
				ECA1544D2D97A09B00B88136 /* PBXTargetDependency */,
			);
			fileSystemSynchronizedGroups = (
				ECA1544E2D97A09B00B88136 /* CETranslatorUITests */,
			);
			name = CETranslatorUITests;
			packageProductDependencies = (
			);
			productName = CETranslatorUITests;
			productReference = ECA1544B2D97A09B00B88136 /* CETranslatorUITests.xctest */;
			productType = "com.apple.product-type.bundle.ui-testing";
		};
/* End PBXNativeTarget section */

/* Begin PBXProject section */
		ECA154292D97A09A00B88136 /* Project object */ = {
			isa = PBXProject;
			attributes = {
				BuildIndependentTargetsInParallel = 1;
				LastSwiftUpdateCheck = 1600;
				LastUpgradeCheck = 1600;
				TargetAttributes = {
					ECA154302D97A09A00B88136 = {
						CreatedOnToolsVersion = 16.0;
					};
					ECA154402D97A09B00B88136 = {
						CreatedOnToolsVersion = 16.0;
						TestTargetID = ECA154302D97A09A00B88136;
					};
					ECA1544A2D97A09B00B88136 = {
						CreatedOnToolsVersion = 16.0;
						TestTargetID = ECA154302D97A09A00B88136;
					};
				};
			};
			buildConfigurationList = ECA1542C2D97A09A00B88136 /* Build configuration list for PBXProject "CETranslator" */;
			developmentRegion = en;
			hasScannedForEncodings = 0;
			knownRegions = (
				en,
				Base,
			);
			mainGroup = ECA154282D97A09A00B88136;
			minimizedProjectReferenceProxies = 1;
			packageReferences = (
				ECA154612D98D05400B88136 /* XCRemoteSwiftPackageReference "LLM" */,
				ECD158E02DC0718D00C4A396 /* XCRemoteSwiftPackageReference "google-mlkit-swiftpm" */,
			);
			preferredProjectObjectVersion = 77;
			productRefGroup = ECA154322D97A09A00B88136 /* Products */;
			projectDirPath = "";
			projectRoot = "";
			targets = (
				ECA154302D97A09A00B88136 /* CETranslator */,
				ECA154402D97A09B00B88136 /* CETranslatorTests */,
				ECA1544A2D97A09B00B88136 /* CETranslatorUITests */,
			);
		};
/* End PBXProject section */

/* Begin PBXResourcesBuildPhase section */
		ECA1542F2D97A09A00B88136 /* Resources */ = {
			isa = PBXResourcesBuildPhase;
			buildActionMask = 2147483647;
			files = (
			);
			runOnlyForDeploymentPostprocessing = 0;
		};
		ECA1543F2D97A09B00B88136 /* Resources */ = {
			isa = PBXResourcesBuildPhase;
			buildActionMask = 2147483647;
			files = (
			);
			runOnlyForDeploymentPostprocessing = 0;
		};
		ECA154492D97A09B00B88136 /* Resources */ = {
			isa = PBXResourcesBuildPhase;
			buildActionMask = 2147483647;
			files = (
			);
			runOnlyForDeploymentPostprocessing = 0;
		};
/* End PBXResourcesBuildPhase section */

/* Begin PBXSourcesBuildPhase section */
		ECA1542D2D97A09A00B88136 /* Sources */ = {
			isa = PBXSourcesBuildPhase;
			buildActionMask = 2147483647;
			files = (
			);
			runOnlyForDeploymentPostprocessing = 0;
		};
		ECA1543D2D97A09B00B88136 /* Sources */ = {
			isa = PBXSourcesBuildPhase;
			buildActionMask = 2147483647;
			files = (
			);
			runOnlyForDeploymentPostprocessing = 0;
		};
		ECA154472D97A09B00B88136 /* Sources */ = {
			isa = PBXSourcesBuildPhase;
			buildActionMask = 2147483647;
			files = (
			);
			runOnlyForDeploymentPostprocessing = 0;
		};
/* End PBXSourcesBuildPhase section */

/* Begin PBXTargetDependency section */
		ECA154432D97A09B00B88136 /* PBXTargetDependency */ = {
			isa = PBXTargetDependency;
			target = ECA154302D97A09A00B88136 /* CETranslator */;
			targetProxy = ECA154422D97A09B00B88136 /* PBXContainerItemProxy */;
		};
		ECA1544D2D97A09B00B88136 /* PBXTargetDependency */ = {
			isa = PBXTargetDependency;
			target = ECA154302D97A09A00B88136 /* CETranslator */;
			targetProxy = ECA1544C2D97A09B00B88136 /* PBXContainerItemProxy */;
		};
/* End PBXTargetDependency section */

/* Begin XCBuildConfiguration section */
		ECA154532D97A09B00B88136 /* Debug */ = {
			isa = XCBuildConfiguration;
			buildSettings = {
				ALWAYS_SEARCH_USER_PATHS = NO;
				ASSETCATALOG_COMPILER_GENERATE_SWIFT_ASSET_SYMBOL_EXTENSIONS = YES;
				CLANG_ANALYZER_NONNULL = YES;
				CLANG_ANALYZER_NUMBER_OBJECT_CONVERSION = YES_AGGRESSIVE;
				CLANG_CXX_LANGUAGE_STANDARD = "gnu++20";
				CLANG_ENABLE_MODULES = YES;
				CLANG_ENABLE_OBJC_ARC = YES;
				CLANG_ENABLE_OBJC_WEAK = YES;
				CLANG_WARN_BLOCK_CAPTURE_AUTORELEASING = YES;
				CLANG_WARN_BOOL_CONVERSION = YES;
				CLANG_WARN_COMMA = YES;
				CLANG_WARN_CONSTANT_CONVERSION = YES;
				CLANG_WARN_DEPRECATED_OBJC_IMPLEMENTATIONS = YES;
				CLANG_WARN_DIRECT_OBJC_ISA_USAGE = YES_ERROR;
				CLANG_WARN_DOCUMENTATION_COMMENTS = YES;
				CLANG_WARN_EMPTY_BODY = YES;
				CLANG_WARN_ENUM_CONVERSION = YES;
				CLANG_WARN_INFINITE_RECURSION = YES;
				CLANG_WARN_INT_CONVERSION = YES;
				CLANG_WARN_NON_LITERAL_NULL_CONVERSION = YES;
				CLANG_WARN_OBJC_IMPLICIT_RETAIN_SELF = YES;
				CLANG_WARN_OBJC_LITERAL_CONVERSION = YES;
				CLANG_WARN_OBJC_ROOT_CLASS = YES_ERROR;
				CLANG_WARN_QUOTED_INCLUDE_IN_FRAMEWORK_HEADER = YES;
				CLANG_WARN_RANGE_LOOP_ANALYSIS = YES;
				CLANG_WARN_STRICT_PROTOTYPES = YES;
				CLANG_WARN_SUSPICIOUS_MOVE = YES;
				CLANG_WARN_UNGUARDED_AVAILABILITY = YES_AGGRESSIVE;
				CLANG_WARN_UNREACHABLE_CODE = YES;
				CLANG_WARN__DUPLICATE_METHOD_MATCH = YES;
				COPY_PHASE_STRIP = NO;
				DEBUG_INFORMATION_FORMAT = dwarf;
				ENABLE_STRICT_OBJC_MSGSEND = YES;
				ENABLE_TESTABILITY = YES;
				ENABLE_USER_SCRIPT_SANDBOXING = YES;
				GCC_C_LANGUAGE_STANDARD = gnu17;
				GCC_DYNAMIC_NO_PIC = NO;
				GCC_NO_COMMON_BLOCKS = YES;
				GCC_OPTIMIZATION_LEVEL = 0;
				GCC_PREPROCESSOR_DEFINITIONS = (
					"DEBUG=1",
					"$(inherited)",
				);
				GCC_WARN_64_TO_32_BIT_CONVERSION = YES;
				GCC_WARN_ABOUT_RETURN_TYPE = YES_ERROR;
				GCC_WARN_UNDECLARED_SELECTOR = YES;
				GCC_WARN_UNINITIALIZED_AUTOS = YES_AGGRESSIVE;
				GCC_WARN_UNUSED_FUNCTION = YES;
				GCC_WARN_UNUSED_VARIABLE = YES;
				IPHONEOS_DEPLOYMENT_TARGET = 18.0;
				LOCALIZATION_PREFERS_STRING_CATALOGS = YES;
				MTL_ENABLE_DEBUG_INFO = INCLUDE_SOURCE;
				MTL_FAST_MATH = YES;
				ONLY_ACTIVE_ARCH = YES;
				SDKROOT = iphoneos;
				SWIFT_ACTIVE_COMPILATION_CONDITIONS = "DEBUG $(inherited)";
				SWIFT_OPTIMIZATION_LEVEL = "-Onone";
			};
			name = Debug;
		};
		ECA154542D97A09B00B88136 /* Release */ = {
			isa = XCBuildConfiguration;
			buildSettings = {
				ALWAYS_SEARCH_USER_PATHS = NO;
				ASSETCATALOG_COMPILER_GENERATE_SWIFT_ASSET_SYMBOL_EXTENSIONS = YES;
				CLANG_ANALYZER_NONNULL = YES;
				CLANG_ANALYZER_NUMBER_OBJECT_CONVERSION = YES_AGGRESSIVE;
				CLANG_CXX_LANGUAGE_STANDARD = "gnu++20";
				CLANG_ENABLE_MODULES = YES;
				CLANG_ENABLE_OBJC_ARC = YES;
				CLANG_ENABLE_OBJC_WEAK = YES;
				CLANG_WARN_BLOCK_CAPTURE_AUTORELEASING = YES;
				CLANG_WARN_BOOL_CONVERSION = YES;
				CLANG_WARN_COMMA = YES;
				CLANG_WARN_CONSTANT_CONVERSION = YES;
				CLANG_WARN_DEPRECATED_OBJC_IMPLEMENTATIONS = YES;
				CLANG_WARN_DIRECT_OBJC_ISA_USAGE = YES_ERROR;
				CLANG_WARN_DOCUMENTATION_COMMENTS = YES;
				CLANG_WARN_EMPTY_BODY = YES;
				CLANG_WARN_ENUM_CONVERSION = YES;
				CLANG_WARN_INFINITE_RECURSION = YES;
				CLANG_WARN_INT_CONVERSION = YES;
				CLANG_WARN_NON_LITERAL_NULL_CONVERSION = YES;
				CLANG_WARN_OBJC_IMPLICIT_RETAIN_SELF = YES;
				CLANG_WARN_OBJC_LITERAL_CONVERSION = YES;
				CLANG_WARN_OBJC_ROOT_CLASS = YES_ERROR;
				CLANG_WARN_QUOTED_INCLUDE_IN_FRAMEWORK_HEADER = YES;
				CLANG_WARN_RANGE_LOOP_ANALYSIS = YES;
				CLANG_WARN_STRICT_PROTOTYPES = YES;
				CLANG_WARN_SUSPICIOUS_MOVE = YES;
				CLANG_WARN_UNGUARDED_AVAILABILITY = YES_AGGRESSIVE;
				CLANG_WARN_UNREACHABLE_CODE = YES;
				CLANG_WARN__DUPLICATE_METHOD_MATCH = YES;
				COPY_PHASE_STRIP = NO;
				DEBUG_INFORMATION_FORMAT = "dwarf-with-dsym";
				ENABLE_NS_ASSERTIONS = NO;
				ENABLE_STRICT_OBJC_MSGSEND = YES;
				ENABLE_USER_SCRIPT_SANDBOXING = YES;
				GCC_C_LANGUAGE_STANDARD = gnu17;
				GCC_NO_COMMON_BLOCKS = YES;
				GCC_WARN_64_TO_32_BIT_CONVERSION = YES;
				GCC_WARN_ABOUT_RETURN_TYPE = YES_ERROR;
				GCC_WARN_UNDECLARED_SELECTOR = YES;
				GCC_WARN_UNINITIALIZED_AUTOS = YES_AGGRESSIVE;
				GCC_WARN_UNUSED_FUNCTION = YES;
				GCC_WARN_UNUSED_VARIABLE = YES;
				IPHONEOS_DEPLOYMENT_TARGET = 18.0;
				LOCALIZATION_PREFERS_STRING_CATALOGS = YES;
				MTL_ENABLE_DEBUG_INFO = NO;
				MTL_FAST_MATH = YES;
				SDKROOT = iphoneos;
				SWIFT_COMPILATION_MODE = wholemodule;
				VALIDATE_PRODUCT = YES;
			};
			name = Release;
		};
		ECA154562D97A09B00B88136 /* Debug */ = {
			isa = XCBuildConfiguration;
			buildSettings = {
				ASSETCATALOG_COMPILER_APPICON_NAME = AppIcon;
				ASSETCATALOG_COMPILER_GLOBAL_ACCENT_COLOR_NAME = AccentColor;
				CODE_SIGN_STYLE = Automatic;
				CURRENT_PROJECT_VERSION = 1;
				DEVELOPMENT_ASSET_PATHS = "\"CETranslator/Preview Content\"";
				DEVELOPMENT_TEAM = 6XSHPNT7JW;
				ENABLE_PREVIEWS = YES;
				GENERATE_INFOPLIST_FILE = YES;
				INFOPLIST_KEY_LSApplicationCategoryType = "";
				INFOPLIST_KEY_NSMicrophoneUsageDescription = "Need microphone to get the voice input for translation";
				INFOPLIST_KEY_NSSpeechRecognitionUsageDescription = "Need speech recognition to get the content of the voice for translation";
				INFOPLIST_KEY_UIApplicationSceneManifest_Generation = YES;
				INFOPLIST_KEY_UIApplicationSupportsIndirectInputEvents = YES;
				INFOPLIST_KEY_UILaunchScreen_Generation = YES;
				INFOPLIST_KEY_UISupportedInterfaceOrientations_iPad = "UIInterfaceOrientationPortrait UIInterfaceOrientationPortraitUpsideDown UIInterfaceOrientationLandscapeLeft UIInterfaceOrientationLandscapeRight";
				INFOPLIST_KEY_UISupportedInterfaceOrientations_iPhone = "UIInterfaceOrientationPortrait UIInterfaceOrientationLandscapeLeft UIInterfaceOrientationLandscapeRight";
				LD_RUNPATH_SEARCH_PATHS = (
					"$(inherited)",
					"@executable_path/Frameworks",
				);
				MARKETING_VERSION = 1.0;
				PRODUCT_BUNDLE_IDENTIFIER = com.gfi.translator;
				PRODUCT_NAME = "$(TARGET_NAME)";
				SWIFT_EMIT_LOC_STRINGS = YES;
				SWIFT_VERSION = 5.0;
				TARGETED_DEVICE_FAMILY = "1,2";
			};
			name = Debug;
		};
		ECA154572D97A09B00B88136 /* Release */ = {
			isa = XCBuildConfiguration;
			buildSettings = {
				ASSETCATALOG_COMPILER_APPICON_NAME = AppIcon;
				ASSETCATALOG_COMPILER_GLOBAL_ACCENT_COLOR_NAME = AccentColor;
				CODE_SIGN_STYLE = Automatic;
				CURRENT_PROJECT_VERSION = 1;
				DEVELOPMENT_ASSET_PATHS = "\"CETranslator/Preview Content\"";
				DEVELOPMENT_TEAM = 6XSHPNT7JW;
				ENABLE_PREVIEWS = YES;
				GENERATE_INFOPLIST_FILE = YES;
				INFOPLIST_KEY_LSApplicationCategoryType = "";
				INFOPLIST_KEY_NSMicrophoneUsageDescription = "Need microphone to get the voice input for translation";
				INFOPLIST_KEY_NSSpeechRecognitionUsageDescription = "Need speech recognition to get the content of the voice for translation";
				INFOPLIST_KEY_UIApplicationSceneManifest_Generation = YES;
				INFOPLIST_KEY_UIApplicationSupportsIndirectInputEvents = YES;
				INFOPLIST_KEY_UILaunchScreen_Generation = YES;
				INFOPLIST_KEY_UISupportedInterfaceOrientations_iPad = "UIInterfaceOrientationPortrait UIInterfaceOrientationPortraitUpsideDown UIInterfaceOrientationLandscapeLeft UIInterfaceOrientationLandscapeRight";
				INFOPLIST_KEY_UISupportedInterfaceOrientations_iPhone = "UIInterfaceOrientationPortrait UIInterfaceOrientationLandscapeLeft UIInterfaceOrientationLandscapeRight";
				LD_RUNPATH_SEARCH_PATHS = (
					"$(inherited)",
					"@executable_path/Frameworks",
				);
				MARKETING_VERSION = 1.0;
				PRODUCT_BUNDLE_IDENTIFIER = com.gfi.translator;
				PRODUCT_NAME = "$(TARGET_NAME)";
				SWIFT_EMIT_LOC_STRINGS = YES;
				SWIFT_VERSION = 5.0;
				TARGETED_DEVICE_FAMILY = "1,2";
			};
			name = Release;
		};
		ECA154592D97A09B00B88136 /* Debug */ = {
			isa = XCBuildConfiguration;
			buildSettings = {
				BUNDLE_LOADER = "$(TEST_HOST)";
				CODE_SIGN_STYLE = Automatic;
				CURRENT_PROJECT_VERSION = 1;
				GENERATE_INFOPLIST_FILE = YES;
				IPHONEOS_DEPLOYMENT_TARGET = 18.0;
				MARKETING_VERSION = 1.0;
				PRODUCT_BUNDLE_IDENTIFIER = com.mjai.CETranslatorTests;
				PRODUCT_NAME = "$(TARGET_NAME)";
				SWIFT_EMIT_LOC_STRINGS = NO;
				SWIFT_VERSION = 5.0;
				TARGETED_DEVICE_FAMILY = "1,2";
				TEST_HOST = "$(BUILT_PRODUCTS_DIR)/CETranslator.app/$(BUNDLE_EXECUTABLE_FOLDER_PATH)/CETranslator";
			};
			name = Debug;
		};
		ECA1545A2D97A09B00B88136 /* Release */ = {
			isa = XCBuildConfiguration;
			buildSettings = {
				BUNDLE_LOADER = "$(TEST_HOST)";
				CODE_SIGN_STYLE = Automatic;
				CURRENT_PROJECT_VERSION = 1;
				GENERATE_INFOPLIST_FILE = YES;
				IPHONEOS_DEPLOYMENT_TARGET = 18.0;
				MARKETING_VERSION = 1.0;
				PRODUCT_BUNDLE_IDENTIFIER = com.mjai.CETranslatorTests;
				PRODUCT_NAME = "$(TARGET_NAME)";
				SWIFT_EMIT_LOC_STRINGS = NO;
				SWIFT_VERSION = 5.0;
				TARGETED_DEVICE_FAMILY = "1,2";
				TEST_HOST = "$(BUILT_PRODUCTS_DIR)/CETranslator.app/$(BUNDLE_EXECUTABLE_FOLDER_PATH)/CETranslator";
			};
			name = Release;
		};
		ECA1545C2D97A09B00B88136 /* Debug */ = {
			isa = XCBuildConfiguration;
			buildSettings = {
				CODE_SIGN_STYLE = Automatic;
				CURRENT_PROJECT_VERSION = 1;
				GENERATE_INFOPLIST_FILE = YES;
				MARKETING_VERSION = 1.0;
				PRODUCT_BUNDLE_IDENTIFIER = com.mjai.CETranslatorUITests;
				PRODUCT_NAME = "$(TARGET_NAME)";
				SWIFT_EMIT_LOC_STRINGS = NO;
				SWIFT_VERSION = 5.0;
				TARGETED_DEVICE_FAMILY = "1,2";
				TEST_TARGET_NAME = CETranslator;
			};
			name = Debug;
		};
		ECA1545D2D97A09B00B88136 /* Release */ = {
			isa = XCBuildConfiguration;
			buildSettings = {
				CODE_SIGN_STYLE = Automatic;
				CURRENT_PROJECT_VERSION = 1;
				GENERATE_INFOPLIST_FILE = YES;
				MARKETING_VERSION = 1.0;
				PRODUCT_BUNDLE_IDENTIFIER = com.mjai.CETranslatorUITests;
				PRODUCT_NAME = "$(TARGET_NAME)";
				SWIFT_EMIT_LOC_STRINGS = NO;
				SWIFT_VERSION = 5.0;
				TARGETED_DEVICE_FAMILY = "1,2";
				TEST_TARGET_NAME = CETranslator;
			};
			name = Release;
		};
/* End XCBuildConfiguration section */

/* Begin XCConfigurationList section */
		ECA1542C2D97A09A00B88136 /* Build configuration list for PBXProject "CETranslator" */ = {
			isa = XCConfigurationList;
			buildConfigurations = (
				ECA154532D97A09B00B88136 /* Debug */,
				ECA154542D97A09B00B88136 /* Release */,
			);
			defaultConfigurationIsVisible = 0;
			defaultConfigurationName = Release;
		};
		ECA154552D97A09B00B88136 /* Build configuration list for PBXNativeTarget "CETranslator" */ = {
			isa = XCConfigurationList;
			buildConfigurations = (
				ECA154562D97A09B00B88136 /* Debug */,
				ECA154572D97A09B00B88136 /* Release */,
			);
			defaultConfigurationIsVisible = 0;
			defaultConfigurationName = Release;
		};
		ECA154582D97A09B00B88136 /* Build configuration list for PBXNativeTarget "CETranslatorTests" */ = {
			isa = XCConfigurationList;
			buildConfigurations = (
				ECA154592D97A09B00B88136 /* Debug */,
				ECA1545A2D97A09B00B88136 /* Release */,
			);
			defaultConfigurationIsVisible = 0;
			defaultConfigurationName = Release;
		};
		ECA1545B2D97A09B00B88136 /* Build configuration list for PBXNativeTarget "CETranslatorUITests" */ = {
			isa = XCConfigurationList;
			buildConfigurations = (
				ECA1545C2D97A09B00B88136 /* Debug */,
				ECA1545D2D97A09B00B88136 /* Release */,
			);
			defaultConfigurationIsVisible = 0;
			defaultConfigurationName = Release;
		};
/* End XCConfigurationList section */

/* Begin XCRemoteSwiftPackageReference section */
		ECA154612D98D05400B88136 /* XCRemoteSwiftPackageReference "LLM" */ = {
			isa = XCRemoteSwiftPackageReference;
			repositoryURL = "https://github.com/eastriverlee/LLM.swift";
			requirement = {
				kind = upToNextMajorVersion;
				minimumVersion = 1.4.3;
			};
		};
		ECD158E02DC0718D00C4A396 /* XCRemoteSwiftPackageReference "google-mlkit-swiftpm" */ = {
			isa = XCRemoteSwiftPackageReference;
			repositoryURL = "https://github.com/d-date/google-mlkit-swiftpm";
			requirement = {
				kind = upToNextMajorVersion;
				minimumVersion = 6.0.0;
			};
		};
/* End XCRemoteSwiftPackageReference section */

/* Begin XCSwiftPackageProductDependency section */
		ECA154742D9B6DD400B88136 /* LLM */ = {
			isa = XCSwiftPackageProductDependency;
			package = ECA154612D98D05400B88136 /* XCRemoteSwiftPackageReference "LLM" */;
			productName = LLM;
		};
/* End XCSwiftPackageProductDependency section */
	};
	rootObject = ECA154292D97A09A00B88136 /* Project object */;
}
